// !$*UTF8*$!
{
	archiveVersion = 1;
	classes = {
	};
	objectVersion = 50;
	objects = {

/* Begin PBXBuildFile section */
		151AFF7384352BAE6DF365B3 /* Pods_limitied_instagram.framework in Frameworks */ = {isa = PBXBuildFile; fileRef = 49D34D970EFBFBA64A96883A /* Pods_limitied_instagram.framework */; };
		1B3DAB8A21782AC4004720F5 /* detailsViewController.swift in Sources */ = {isa = PBXBuildFile; fileRef = 1B3DAB8921782AC4004720F5 /* detailsViewController.swift */; };
		1B7F6FCC21742CAB00018CD3 /* AppDelegate.swift in Sources */ = {isa = PBXBuildFile; fileRef = 1B7F6FCB21742CAB00018CD3 /* AppDelegate.swift */; };
		1B7F6FD121742CAB00018CD3 /* Main.storyboard in Resources */ = {isa = PBXBuildFile; fileRef = 1B7F6FCF21742CAB00018CD3 /* Main.storyboard */; };
		1B7F6FD321742CAB00018CD3 /* Assets.xcassets in Resources */ = {isa = PBXBuildFile; fileRef = 1B7F6FD221742CAB00018CD3 /* Assets.xcassets */; };
		1B7F6FD621742CAB00018CD3 /* LaunchScreen.storyboard in Resources */ = {isa = PBXBuildFile; fileRef = 1B7F6FD421742CAB00018CD3 /* LaunchScreen.storyboard */; };
		1B7F6FE121742CAB00018CD3 /* limitied_instagramTests.swift in Sources */ = {isa = PBXBuildFile; fileRef = 1B7F6FE021742CAB00018CD3 /* limitied_instagramTests.swift */; };
		1B7F6FEC21742CAB00018CD3 /* limitied_instagramUITests.swift in Sources */ = {isa = PBXBuildFile; fileRef = 1B7F6FEB21742CAB00018CD3 /* limitied_instagramUITests.swift */; };
		1B7F6FFA2174331A00018CD3 /* loginInViewController.swift in Sources */ = {isa = PBXBuildFile; fileRef = 1B7F6FF92174331A00018CD3 /* loginInViewController.swift */; };
		1B7F6FFF2176B98600018CD3 /* PostsViewController.swift in Sources */ = {isa = PBXBuildFile; fileRef = 1B7F6FFE2176B98600018CD3 /* PostsViewController.swift */; };
		1B7F70012176C48D00018CD3 /* captureViewController.swift in Sources */ = {isa = PBXBuildFile; fileRef = 1B7F70002176C48D00018CD3 /* captureViewController.swift */; };
		1B7F70032176C49700018CD3 /* profileViewController.swift in Sources */ = {isa = PBXBuildFile; fileRef = 1B7F70022176C49700018CD3 /* profileViewController.swift */; };
		1B7F70062176D80D00018CD3 /* feedCell.swift in Sources */ = {isa = PBXBuildFile; fileRef = 1B7F70052176D80D00018CD3 /* feedCell.swift */; };
		1B7F70082176DC8900018CD3 /* Post.swift in Sources */ = {isa = PBXBuildFile; fileRef = 1B7F70072176DC8900018CD3 /* Post.swift */; };
		916CCF2B6103374CC9F359AB /* Pods_limitied_instagramUITests.framework in Frameworks */ = {isa = PBXBuildFile; fileRef = 1D598EAAD81E3357765B4FDF /* Pods_limitied_instagramUITests.framework */; };
		B79997184D85C117ED650CBF /* Pods_limitied_instagramTests.framework in Frameworks */ = {isa = PBXBuildFile; fileRef = 17F09F9D4983344F62CCEB01 /* Pods_limitied_instagramTests.framework */; };
/* End PBXBuildFile section */

/* Begin PBXContainerItemProxy section */
		1B7F6FDD21742CAB00018CD3 /* PBXContainerItemProxy */ = {
			isa = PBXContainerItemProxy;
			containerPortal = 1B7F6FC021742CAA00018CD3 /* Project object */;
			proxyType = 1;
			remoteGlobalIDString = 1B7F6FC721742CAB00018CD3;
			remoteInfo = "limitied instagram";
		};
		1B7F6FE821742CAB00018CD3 /* PBXContainerItemProxy */ = {
			isa = PBXContainerItemProxy;
			containerPortal = 1B7F6FC021742CAA00018CD3 /* Project object */;
			proxyType = 1;
			remoteGlobalIDString = 1B7F6FC721742CAB00018CD3;
			remoteInfo = "limitied instagram";
		};
/* End PBXContainerItemProxy section */

/* Begin PBXFileReference section */
		17F09F9D4983344F62CCEB01 /* Pods_limitied_instagramTests.framework */ = {isa = PBXFileReference; explicitFileType = wrapper.framework; includeInIndex = 0; path = Pods_limitied_instagramTests.framework; sourceTree = BUILT_PRODUCTS_DIR; };
		1B3DAB8921782AC4004720F5 /* detailsViewController.swift */ = {isa = PBXFileReference; lastKnownFileType = sourcecode.swift; path = detailsViewController.swift; sourceTree = "<group>"; };
		1B7F6FC821742CAB00018CD3 /* limitied instagram.app */ = {isa = PBXFileReference; explicitFileType = wrapper.application; includeInIndex = 0; path = "limitied instagram.app"; sourceTree = BUILT_PRODUCTS_DIR; };
		1B7F6FCB21742CAB00018CD3 /* AppDelegate.swift */ = {isa = PBXFileReference; lastKnownFileType = sourcecode.swift; path = AppDelegate.swift; sourceTree = "<group>"; };
		1B7F6FD021742CAB00018CD3 /* Base */ = {isa = PBXFileReference; lastKnownFileType = file.storyboard; name = Base; path = Base.lproj/Main.storyboard; sourceTree = "<group>"; };
		1B7F6FD221742CAB00018CD3 /* Assets.xcassets */ = {isa = PBXFileReference; lastKnownFileType = folder.assetcatalog; path = Assets.xcassets; sourceTree = "<group>"; };
		1B7F6FD521742CAB00018CD3 /* Base */ = {isa = PBXFileReference; lastKnownFileType = file.storyboard; name = Base; path = Base.lproj/LaunchScreen.storyboard; sourceTree = "<group>"; };
		1B7F6FD721742CAB00018CD3 /* Info.plist */ = {isa = PBXFileReference; lastKnownFileType = text.plist.xml; path = Info.plist; sourceTree = "<group>"; };
		1B7F6FDC21742CAB00018CD3 /* limitied instagramTests.xctest */ = {isa = PBXFileReference; explicitFileType = wrapper.cfbundle; includeInIndex = 0; path = "limitied instagramTests.xctest"; sourceTree = BUILT_PRODUCTS_DIR; };
		1B7F6FE021742CAB00018CD3 /* limitied_instagramTests.swift */ = {isa = PBXFileReference; lastKnownFileType = sourcecode.swift; path = limitied_instagramTests.swift; sourceTree = "<group>"; };
		1B7F6FE221742CAB00018CD3 /* Info.plist */ = {isa = PBXFileReference; lastKnownFileType = text.plist.xml; path = Info.plist; sourceTree = "<group>"; };
		1B7F6FE721742CAB00018CD3 /* limitied instagramUITests.xctest */ = {isa = PBXFileReference; explicitFileType = wrapper.cfbundle; includeInIndex = 0; path = "limitied instagramUITests.xctest"; sourceTree = BUILT_PRODUCTS_DIR; };
		1B7F6FEB21742CAB00018CD3 /* limitied_instagramUITests.swift */ = {isa = PBXFileReference; lastKnownFileType = sourcecode.swift; path = limitied_instagramUITests.swift; sourceTree = "<group>"; };
		1B7F6FED21742CAB00018CD3 /* Info.plist */ = {isa = PBXFileReference; lastKnownFileType = text.plist.xml; path = Info.plist; sourceTree = "<group>"; };
		1B7F6FF92174331A00018CD3 /* loginInViewController.swift */ = {isa = PBXFileReference; lastKnownFileType = sourcecode.swift; path = loginInViewController.swift; sourceTree = "<group>"; };
		1B7F6FFE2176B98600018CD3 /* PostsViewController.swift */ = {isa = PBXFileReference; lastKnownFileType = sourcecode.swift; path = PostsViewController.swift; sourceTree = "<group>"; };
		1B7F70002176C48D00018CD3 /* captureViewController.swift */ = {isa = PBXFileReference; lastKnownFileType = sourcecode.swift; path = captureViewController.swift; sourceTree = "<group>"; };
		1B7F70022176C49700018CD3 /* profileViewController.swift */ = {isa = PBXFileReference; lastKnownFileType = sourcecode.swift; path = profileViewController.swift; sourceTree = "<group>"; };
		1B7F70052176D80D00018CD3 /* feedCell.swift */ = {isa = PBXFileReference; lastKnownFileType = sourcecode.swift; path = feedCell.swift; sourceTree = "<group>"; };
		1B7F70072176DC8900018CD3 /* Post.swift */ = {isa = PBXFileReference; lastKnownFileType = sourcecode.swift; path = Post.swift; sourceTree = "<group>"; };
		1C27B4A8B82F11C6E012EF4B /* Pods-limitied instagramUITests.release.xcconfig */ = {isa = PBXFileReference; includeInIndex = 1; lastKnownFileType = text.xcconfig; name = "Pods-limitied instagramUITests.release.xcconfig"; path = "Pods/Target Support Files/Pods-limitied instagramUITests/Pods-limitied instagramUITests.release.xcconfig"; sourceTree = "<group>"; };
		1D598EAAD81E3357765B4FDF /* Pods_limitied_instagramUITests.framework */ = {isa = PBXFileReference; explicitFileType = wrapper.framework; includeInIndex = 0; path = Pods_limitied_instagramUITests.framework; sourceTree = BUILT_PRODUCTS_DIR; };
		48E111109A515CBD50F0B2D9 /* Pods-limitied instagramTests.debug.xcconfig */ = {isa = PBXFileReference; includeInIndex = 1; lastKnownFileType = text.xcconfig; name = "Pods-limitied instagramTests.debug.xcconfig"; path = "Pods/Target Support Files/Pods-limitied instagramTests/Pods-limitied instagramTests.debug.xcconfig"; sourceTree = "<group>"; };
		49D34D970EFBFBA64A96883A /* Pods_limitied_instagram.framework */ = {isa = PBXFileReference; explicitFileType = wrapper.framework; includeInIndex = 0; path = Pods_limitied_instagram.framework; sourceTree = BUILT_PRODUCTS_DIR; };
		5822F9C6A72AC1D0A3126165 /* Pods-limitied instagram.debug.xcconfig */ = {isa = PBXFileReference; includeInIndex = 1; lastKnownFileType = text.xcconfig; name = "Pods-limitied instagram.debug.xcconfig"; path = "Pods/Target Support Files/Pods-limitied instagram/Pods-limitied instagram.debug.xcconfig"; sourceTree = "<group>"; };
		5E8758266B13072600416090 /* Pods-limitied instagramUITests.debug.xcconfig */ = {isa = PBXFileReference; includeInIndex = 1; lastKnownFileType = text.xcconfig; name = "Pods-limitied instagramUITests.debug.xcconfig"; path = "Pods/Target Support Files/Pods-limitied instagramUITests/Pods-limitied instagramUITests.debug.xcconfig"; sourceTree = "<group>"; };
		61B1647D861D5E03018BC7B1 /* Pods-limitied instagramTests.release.xcconfig */ = {isa = PBXFileReference; includeInIndex = 1; lastKnownFileType = text.xcconfig; name = "Pods-limitied instagramTests.release.xcconfig"; path = "Pods/Target Support Files/Pods-limitied instagramTests/Pods-limitied instagramTests.release.xcconfig"; sourceTree = "<group>"; };
		D1A3222FC519B8E916BE0183 /* Pods-limitied instagram.release.xcconfig */ = {isa = PBXFileReference; includeInIndex = 1; lastKnownFileType = text.xcconfig; name = "Pods-limitied instagram.release.xcconfig"; path = "Pods/Target Support Files/Pods-limitied instagram/Pods-limitied instagram.release.xcconfig"; sourceTree = "<group>"; };
/* End PBXFileReference section */

/* Begin PBXFrameworksBuildPhase section */
		1B7F6FC521742CAB00018CD3 /* Frameworks */ = {
			isa = PBXFrameworksBuildPhase;
			buildActionMask = 2147483647;
			files = (
				151AFF7384352BAE6DF365B3 /* Pods_limitied_instagram.framework in Frameworks */,
			);
			runOnlyForDeploymentPostprocessing = 0;
		};
		1B7F6FD921742CAB00018CD3 /* Frameworks */ = {
			isa = PBXFrameworksBuildPhase;
			buildActionMask = 2147483647;
			files = (
				B79997184D85C117ED650CBF /* Pods_limitied_instagramTests.framework in Frameworks */,
			);
			runOnlyForDeploymentPostprocessing = 0;
		};
		1B7F6FE421742CAB00018CD3 /* Frameworks */ = {
			isa = PBXFrameworksBuildPhase;
			buildActionMask = 2147483647;
			files = (
				916CCF2B6103374CC9F359AB /* Pods_limitied_instagramUITests.framework in Frameworks */,
			);
			runOnlyForDeploymentPostprocessing = 0;
		};
/* End PBXFrameworksBuildPhase section */

/* Begin PBXGroup section */
		1B7F6FBF21742CAA00018CD3 = {
			isa = PBXGroup;
			children = (
				1B7F6FCA21742CAB00018CD3 /* limitied instagram */,
				1B7F6FDF21742CAB00018CD3 /* limitied instagramTests */,
				1B7F6FEA21742CAB00018CD3 /* limitied instagramUITests */,
				1B7F6FC921742CAB00018CD3 /* Products */,
				A05B5B6EE1B672DE42D19E77 /* Pods */,
				6F9511C8765ED5C4DE0BE1F3 /* Frameworks */,
			);
			sourceTree = "<group>";
		};
		1B7F6FC921742CAB00018CD3 /* Products */ = {
			isa = PBXGroup;
			children = (
				1B7F6FC821742CAB00018CD3 /* limitied instagram.app */,
				1B7F6FDC21742CAB00018CD3 /* limitied instagramTests.xctest */,
				1B7F6FE721742CAB00018CD3 /* limitied instagramUITests.xctest */,
			);
			name = Products;
			sourceTree = "<group>";
		};
		1B7F6FCA21742CAB00018CD3 /* limitied instagram */ = {
			isa = PBXGroup;
			children = (
				1B7F70042176D7F400018CD3 /* Cells */,
				1B7F6FFD2176B96000018CD3 /* ViewControllers */,
				1B7F6FCB21742CAB00018CD3 /* AppDelegate.swift */,
				1B7F6FCF21742CAB00018CD3 /* Main.storyboard */,
				1B7F6FD221742CAB00018CD3 /* Assets.xcassets */,
				1B7F6FD421742CAB00018CD3 /* LaunchScreen.storyboard */,
				1B7F6FD721742CAB00018CD3 /* Info.plist */,
				1B7F70072176DC8900018CD3 /* Post.swift */,
			);
			path = "limitied instagram";
			sourceTree = "<group>";
		};
		1B7F6FDF21742CAB00018CD3 /* limitied instagramTests */ = {
			isa = PBXGroup;
			children = (
				1B7F6FE021742CAB00018CD3 /* limitied_instagramTests.swift */,
				1B7F6FE221742CAB00018CD3 /* Info.plist */,
			);
			path = "limitied instagramTests";
			sourceTree = "<group>";
		};
		1B7F6FEA21742CAB00018CD3 /* limitied instagramUITests */ = {
			isa = PBXGroup;
			children = (
				1B7F6FEB21742CAB00018CD3 /* limitied_instagramUITests.swift */,
				1B7F6FED21742CAB00018CD3 /* Info.plist */,
			);
			path = "limitied instagramUITests";
			sourceTree = "<group>";
		};
		1B7F6FFD2176B96000018CD3 /* ViewControllers */ = {
			isa = PBXGroup;
			children = (
				1B7F6FF92174331A00018CD3 /* loginInViewController.swift */,
				1B7F6FFE2176B98600018CD3 /* PostsViewController.swift */,
				1B7F70002176C48D00018CD3 /* captureViewController.swift */,
				1B7F70022176C49700018CD3 /* profileViewController.swift */,
				1B3DAB8921782AC4004720F5 /* detailsViewController.swift */,
			);
			path = ViewControllers;
			sourceTree = "<group>";
		};
		1B7F70042176D7F400018CD3 /* Cells */ = {
			isa = PBXGroup;
			children = (
				1B7F70052176D80D00018CD3 /* feedCell.swift */,
			);
			path = Cells;
			sourceTree = "<group>";
		};
		6F9511C8765ED5C4DE0BE1F3 /* Frameworks */ = {
			isa = PBXGroup;
			children = (
				49D34D970EFBFBA64A96883A /* Pods_limitied_instagram.framework */,
				17F09F9D4983344F62CCEB01 /* Pods_limitied_instagramTests.framework */,
				1D598EAAD81E3357765B4FDF /* Pods_limitied_instagramUITests.framework */,
			);
			name = Frameworks;
			sourceTree = "<group>";
		};
		A05B5B6EE1B672DE42D19E77 /* Pods */ = {
			isa = PBXGroup;
			children = (
				5822F9C6A72AC1D0A3126165 /* Pods-limitied instagram.debug.xcconfig */,
				D1A3222FC519B8E916BE0183 /* Pods-limitied instagram.release.xcconfig */,
				48E111109A515CBD50F0B2D9 /* Pods-limitied instagramTests.debug.xcconfig */,
				61B1647D861D5E03018BC7B1 /* Pods-limitied instagramTests.release.xcconfig */,
				5E8758266B13072600416090 /* Pods-limitied instagramUITests.debug.xcconfig */,
				1C27B4A8B82F11C6E012EF4B /* Pods-limitied instagramUITests.release.xcconfig */,
			);
			name = Pods;
			sourceTree = "<group>";
		};
/* End PBXGroup section */

/* Begin PBXNativeTarget section */
		1B7F6FC721742CAB00018CD3 /* limitied instagram */ = {
			isa = PBXNativeTarget;
			buildConfigurationList = 1B7F6FF021742CAB00018CD3 /* Build configuration list for PBXNativeTarget "limitied instagram" */;
			buildPhases = (
				40035C73A09585E01D57F2BB /* [CP] Check Pods Manifest.lock */,
				1B7F6FC421742CAB00018CD3 /* Sources */,
				1B7F6FC521742CAB00018CD3 /* Frameworks */,
				1B7F6FC621742CAB00018CD3 /* Resources */,
				2774BF0DEDB0527C6C25EE7C /* [CP] Embed Pods Frameworks */,
			);
			buildRules = (
			);
			dependencies = (
			);
			name = "limitied instagram";
			productName = "limitied instagram";
			productReference = 1B7F6FC821742CAB00018CD3 /* limitied instagram.app */;
			productType = "com.apple.product-type.application";
		};
		1B7F6FDB21742CAB00018CD3 /* limitied instagramTests */ = {
			isa = PBXNativeTarget;
			buildConfigurationList = 1B7F6FF321742CAB00018CD3 /* Build configuration list for PBXNativeTarget "limitied instagramTests" */;
			buildPhases = (
				3D7AFE9B240BDEC3737BE63D /* [CP] Check Pods Manifest.lock */,
				1B7F6FD821742CAB00018CD3 /* Sources */,
				1B7F6FD921742CAB00018CD3 /* Frameworks */,
				1B7F6FDA21742CAB00018CD3 /* Resources */,
			);
			buildRules = (
			);
			dependencies = (
				1B7F6FDE21742CAB00018CD3 /* PBXTargetDependency */,
			);
			name = "limitied instagramTests";
			productName = "limitied instagramTests";
			productReference = 1B7F6FDC21742CAB00018CD3 /* limitied instagramTests.xctest */;
			productType = "com.apple.product-type.bundle.unit-test";
		};
		1B7F6FE621742CAB00018CD3 /* limitied instagramUITests */ = {
			isa = PBXNativeTarget;
			buildConfigurationList = 1B7F6FF621742CAB00018CD3 /* Build configuration list for PBXNativeTarget "limitied instagramUITests" */;
			buildPhases = (
				2E4286B6509F0CE735DDAF75 /* [CP] Check Pods Manifest.lock */,
				1B7F6FE321742CAB00018CD3 /* Sources */,
				1B7F6FE421742CAB00018CD3 /* Frameworks */,
				1B7F6FE521742CAB00018CD3 /* Resources */,
			);
			buildRules = (
			);
			dependencies = (
				1B7F6FE921742CAB00018CD3 /* PBXTargetDependency */,
			);
			name = "limitied instagramUITests";
			productName = "limitied instagramUITests";
			productReference = 1B7F6FE721742CAB00018CD3 /* limitied instagramUITests.xctest */;
			productType = "com.apple.product-type.bundle.ui-testing";
		};
/* End PBXNativeTarget section */

/* Begin PBXProject section */
		1B7F6FC021742CAA00018CD3 /* Project object */ = {
			isa = PBXProject;
			attributes = {
				LastSwiftUpdateCheck = 1000;
				LastUpgradeCheck = 1000;
				ORGANIZATIONNAME = Tony;
				TargetAttributes = {
					1B7F6FC721742CAB00018CD3 = {
						CreatedOnToolsVersion = 10.0;
					};
					1B7F6FDB21742CAB00018CD3 = {
						CreatedOnToolsVersion = 10.0;
						TestTargetID = 1B7F6FC721742CAB00018CD3;
					};
					1B7F6FE621742CAB00018CD3 = {
						CreatedOnToolsVersion = 10.0;
						TestTargetID = 1B7F6FC721742CAB00018CD3;
					};
				};
			};
			buildConfigurationList = 1B7F6FC321742CAA00018CD3 /* Build configuration list for PBXProject "limitied instagram" */;
			compatibilityVersion = "Xcode 9.3";
			developmentRegion = en;
			hasScannedForEncodings = 0;
			knownRegions = (
				en,
				Base,
			);
			mainGroup = 1B7F6FBF21742CAA00018CD3;
			productRefGroup = 1B7F6FC921742CAB00018CD3 /* Products */;
			projectDirPath = "";
			projectRoot = "";
			targets = (
				1B7F6FC721742CAB00018CD3 /* limitied instagram */,
				1B7F6FDB21742CAB00018CD3 /* limitied instagramTests */,
				1B7F6FE621742CAB00018CD3 /* limitied instagramUITests */,
			);
		};
/* End PBXProject section */

/* Begin PBXResourcesBuildPhase section */
		1B7F6FC621742CAB00018CD3 /* Resources */ = {
			isa = PBXResourcesBuildPhase;
			buildActionMask = 2147483647;
			files = (
				1B7F6FD621742CAB00018CD3 /* LaunchScreen.storyboard in Resources */,
				1B7F6FD321742CAB00018CD3 /* Assets.xcassets in Resources */,
				1B7F6FD121742CAB00018CD3 /* Main.storyboard in Resources */,
			);
			runOnlyForDeploymentPostprocessing = 0;
		};
		1B7F6FDA21742CAB00018CD3 /* Resources */ = {
			isa = PBXResourcesBuildPhase;
			buildActionMask = 2147483647;
			files = (
			);
			runOnlyForDeploymentPostprocessing = 0;
		};
		1B7F6FE521742CAB00018CD3 /* Resources */ = {
			isa = PBXResourcesBuildPhase;
			buildActionMask = 2147483647;
			files = (
			);
			runOnlyForDeploymentPostprocessing = 0;
		};
/* End PBXResourcesBuildPhase section */

/* Begin PBXShellScriptBuildPhase section */
		2774BF0DEDB0527C6C25EE7C /* [CP] Embed Pods Frameworks */ = {
			isa = PBXShellScriptBuildPhase;
			buildActionMask = 2147483647;
			files = (
			);
			inputFileListPaths = (
			);
			inputPaths = (
				"${SRCROOT}/Pods/Target Support Files/Pods-limitied instagram/Pods-limitied instagram-frameworks.sh",
				"${BUILT_PRODUCTS_DIR}/AFNetworking/AFNetworking.framework",
				"${BUILT_PRODUCTS_DIR}/Bolts/Bolts.framework",
				"${BUILT_PRODUCTS_DIR}/Parse/Parse.framework",
			);
			name = "[CP] Embed Pods Frameworks";
			outputFileListPaths = (
			);
			outputPaths = (
				"${TARGET_BUILD_DIR}/${FRAMEWORKS_FOLDER_PATH}/AFNetworking.framework",
				"${TARGET_BUILD_DIR}/${FRAMEWORKS_FOLDER_PATH}/Bolts.framework",
				"${TARGET_BUILD_DIR}/${FRAMEWORKS_FOLDER_PATH}/Parse.framework",
			);
			runOnlyForDeploymentPostprocessing = 0;
			shellPath = /bin/sh;
			shellScript = "\"${SRCROOT}/Pods/Target Support Files/Pods-limitied instagram/Pods-limitied instagram-frameworks.sh\"\n";
			showEnvVarsInLog = 0;
		};
		2E4286B6509F0CE735DDAF75 /* [CP] Check Pods Manifest.lock */ = {
			isa = PBXShellScriptBuildPhase;
			buildActionMask = 2147483647;
			files = (
			);
			inputFileListPaths = (
			);
			inputPaths = (
				"${PODS_PODFILE_DIR_PATH}/Podfile.lock",
				"${PODS_ROOT}/Manifest.lock",
			);
			name = "[CP] Check Pods Manifest.lock";
			outputFileListPaths = (
			);
			outputPaths = (
				"$(DERIVED_FILE_DIR)/Pods-limitied instagramUITests-checkManifestLockResult.txt",
			);
			runOnlyForDeploymentPostprocessing = 0;
			shellPath = /bin/sh;
			shellScript = "diff \"${PODS_PODFILE_DIR_PATH}/Podfile.lock\" \"${PODS_ROOT}/Manifest.lock\" > /dev/null\nif [ $? != 0 ] ; then\n    # print error to STDERR\n    echo \"error: The sandbox is not in sync with the Podfile.lock. Run 'pod install' or update your CocoaPods installation.\" >&2\n    exit 1\nfi\n# This output is used by Xcode 'outputs' to avoid re-running this script phase.\necho \"SUCCESS\" > \"${SCRIPT_OUTPUT_FILE_0}\"\n";
			showEnvVarsInLog = 0;
		};
		3D7AFE9B240BDEC3737BE63D /* [CP] Check Pods Manifest.lock */ = {
			isa = PBXShellScriptBuildPhase;
			buildActionMask = 2147483647;
			files = (
			);
			inputFileListPaths = (
			);
			inputPaths = (
				"${PODS_PODFILE_DIR_PATH}/Podfile.lock",
				"${PODS_ROOT}/Manifest.lock",
			);
			name = "[CP] Check Pods Manifest.lock";
			outputFileListPaths = (
			);
			outputPaths = (
				"$(DERIVED_FILE_DIR)/Pods-limitied instagramTests-checkManifestLockResult.txt",
			);
			runOnlyForDeploymentPostprocessing = 0;
			shellPath = /bin/sh;
			shellScript = "diff \"${PODS_PODFILE_DIR_PATH}/Podfile.lock\" \"${PODS_ROOT}/Manifest.lock\" > /dev/null\nif [ $? != 0 ] ; then\n    # print error to STDERR\n    echo \"error: The sandbox is not in sync with the Podfile.lock. Run 'pod install' or update your CocoaPods installation.\" >&2\n    exit 1\nfi\n# This output is used by Xcode 'outputs' to avoid re-running this script phase.\necho \"SUCCESS\" > \"${SCRIPT_OUTPUT_FILE_0}\"\n";
			showEnvVarsInLog = 0;
		};
		40035C73A09585E01D57F2BB /* [CP] Check Pods Manifest.lock */ = {
			isa = PBXShellScriptBuildPhase;
			buildActionMask = 2147483647;
			files = (
			);
			inputFileListPaths = (
			);
			inputPaths = (
				"${PODS_PODFILE_DIR_PATH}/Podfile.lock",
				"${PODS_ROOT}/Manifest.lock",
			);
			name = "[CP] Check Pods Manifest.lock";
			outputFileListPaths = (
			);
			outputPaths = (
				"$(DERIVED_FILE_DIR)/Pods-limitied instagram-checkManifestLockResult.txt",
			);
			runOnlyForDeploymentPostprocessing = 0;
			shellPath = /bin/sh;
			shellScript = "diff \"${PODS_PODFILE_DIR_PATH}/Podfile.lock\" \"${PODS_ROOT}/Manifest.lock\" > /dev/null\nif [ $? != 0 ] ; then\n    # print error to STDERR\n    echo \"error: The sandbox is not in sync with the Podfile.lock. Run 'pod install' or update your CocoaPods installation.\" >&2\n    exit 1\nfi\n# This output is used by Xcode 'outputs' to avoid re-running this script phase.\necho \"SUCCESS\" > \"${SCRIPT_OUTPUT_FILE_0}\"\n";
			showEnvVarsInLog = 0;
		};
/* End PBXShellScriptBuildPhase section */

/* Begin PBXSourcesBuildPhase section */
		1B7F6FC421742CAB00018CD3 /* Sources */ = {
			isa = PBXSourcesBuildPhase;
			buildActionMask = 2147483647;
			files = (
				1B7F6FFF2176B98600018CD3 /* PostsViewController.swift in Sources */,
				1B7F70062176D80D00018CD3 /* feedCell.swift in Sources */,
				1B7F70012176C48D00018CD3 /* captureViewController.swift in Sources */,
				1B3DAB8A21782AC4004720F5 /* detailsViewController.swift in Sources */,
				1B7F6FCC21742CAB00018CD3 /* AppDelegate.swift in Sources */,
				1B7F70032176C49700018CD3 /* profileViewController.swift in Sources */,
				1B7F6FFA2174331A00018CD3 /* loginInViewController.swift in Sources */,
				1B7F70082176DC8900018CD3 /* Post.swift in Sources */,
			);
			runOnlyForDeploymentPostprocessing = 0;
		};
		1B7F6FD821742CAB00018CD3 /* Sources */ = {
			isa = PBXSourcesBuildPhase;
			buildActionMask = 2147483647;
			files = (
				1B7F6FE121742CAB00018CD3 /* limitied_instagramTests.swift in Sources */,
			);
			runOnlyForDeploymentPostprocessing = 0;
		};
		1B7F6FE321742CAB00018CD3 /* Sources */ = {
			isa = PBXSourcesBuildPhase;
			buildActionMask = 2147483647;
			files = (
				1B7F6FEC21742CAB00018CD3 /* limitied_instagramUITests.swift in Sources */,
			);
			runOnlyForDeploymentPostprocessing = 0;
		};
/* End PBXSourcesBuildPhase section */

/* Begin PBXTargetDependency section */
		1B7F6FDE21742CAB00018CD3 /* PBXTargetDependency */ = {
			isa = PBXTargetDependency;
			target = 1B7F6FC721742CAB00018CD3 /* limitied instagram */;
			targetProxy = 1B7F6FDD21742CAB00018CD3 /* PBXContainerItemProxy */;
		};
		1B7F6FE921742CAB00018CD3 /* PBXTargetDependency */ = {
			isa = PBXTargetDependency;
			target = 1B7F6FC721742CAB00018CD3 /* limitied instagram */;
			targetProxy = 1B7F6FE821742CAB00018CD3 /* PBXContainerItemProxy */;
		};
/* End PBXTargetDependency section */

/* Begin PBXVariantGroup section */
		1B7F6FCF21742CAB00018CD3 /* Main.storyboard */ = {
			isa = PBXVariantGroup;
			children = (
				1B7F6FD021742CAB00018CD3 /* Base */,
			);
			name = Main.storyboard;
			sourceTree = "<group>";
		};
		1B7F6FD421742CAB00018CD3 /* LaunchScreen.storyboard */ = {
			isa = PBXVariantGroup;
			children = (
				1B7F6FD521742CAB00018CD3 /* Base */,
			);
			name = LaunchScreen.storyboard;
			sourceTree = "<group>";
		};
/* End PBXVariantGroup section */

/* Begin XCBuildConfiguration section */
		1B7F6FEE21742CAB00018CD3 /* Debug */ = {
			isa = XCBuildConfiguration;
			buildSettings = {
				ALWAYS_SEARCH_USER_PATHS = NO;
				CLANG_ANALYZER_NONNULL = YES;
				CLANG_ANALYZER_NUMBER_OBJECT_CONVERSION = YES_AGGRESSIVE;
				CLANG_CXX_LANGUAGE_STANDARD = "gnu++14";
				CLANG_CXX_LIBRARY = "libc++";
				CLANG_ENABLE_MODULES = YES;
				CLANG_ENABLE_OBJC_ARC = YES;
				CLANG_ENABLE_OBJC_WEAK = YES;
				CLANG_WARN_BLOCK_CAPTURE_AUTORELEASING = YES;
				CLANG_WARN_BOOL_CONVERSION = YES;
				CLANG_WARN_COMMA = YES;
				CLANG_WARN_CONSTANT_CONVERSION = YES;
				CLANG_WARN_DEPRECATED_OBJC_IMPLEMENTATIONS = YES;
				CLANG_WARN_DIRECT_OBJC_ISA_USAGE = YES_ERROR;
				CLANG_WARN_DOCUMENTATION_COMMENTS = YES;
				CLANG_WARN_EMPTY_BODY = YES;
				CLANG_WARN_ENUM_CONVERSION = YES;
				CLANG_WARN_INFINITE_RECURSION = YES;
				CLANG_WARN_INT_CONVERSION = YES;
				CLANG_WARN_NON_LITERAL_NULL_CONVERSION = YES;
				CLANG_WARN_OBJC_IMPLICIT_RETAIN_SELF = YES;
				CLANG_WARN_OBJC_LITERAL_CONVERSION = YES;
				CLANG_WARN_OBJC_ROOT_CLASS = YES_ERROR;
				CLANG_WARN_RANGE_LOOP_ANALYSIS = YES;
				CLANG_WARN_STRICT_PROTOTYPES = YES;
				CLANG_WARN_SUSPICIOUS_MOVE = YES;
				CLANG_WARN_UNGUARDED_AVAILABILITY = YES_AGGRESSIVE;
				CLANG_WARN_UNREACHABLE_CODE = YES;
				CLANG_WARN__DUPLICATE_METHOD_MATCH = YES;
				CODE_SIGN_IDENTITY = "iPhone Developer";
				COPY_PHASE_STRIP = NO;
				DEBUG_INFORMATION_FORMAT = dwarf;
				ENABLE_STRICT_OBJC_MSGSEND = YES;
				ENABLE_TESTABILITY = YES;
				GCC_C_LANGUAGE_STANDARD = gnu11;
				GCC_DYNAMIC_NO_PIC = NO;
				GCC_NO_COMMON_BLOCKS = YES;
				GCC_OPTIMIZATION_LEVEL = 0;
				GCC_PREPROCESSOR_DEFINITIONS = (
					"DEBUG=1",
					"$(inherited)",
				);
				GCC_WARN_64_TO_32_BIT_CONVERSION = YES;
				GCC_WARN_ABOUT_RETURN_TYPE = YES_ERROR;
				GCC_WARN_UNDECLARED_SELECTOR = YES;
				GCC_WARN_UNINITIALIZED_AUTOS = YES_AGGRESSIVE;
				GCC_WARN_UNUSED_FUNCTION = YES;
				GCC_WARN_UNUSED_VARIABLE = YES;
				IPHONEOS_DEPLOYMENT_TARGET = 12.0;
				MTL_ENABLE_DEBUG_INFO = INCLUDE_SOURCE;
				MTL_FAST_MATH = YES;
				ONLY_ACTIVE_ARCH = YES;
				SDKROOT = iphoneos;
				SWIFT_ACTIVE_COMPILATION_CONDITIONS = DEBUG;
				SWIFT_OPTIMIZATION_LEVEL = "-Onone";
			};
			name = Debug;
		};
		1B7F6FEF21742CAB00018CD3 /* Release */ = {
			isa = XCBuildConfiguration;
			buildSettings = {
				ALWAYS_SEARCH_USER_PATHS = NO;
				CLANG_ANALYZER_NONNULL = YES;
				CLANG_ANALYZER_NUMBER_OBJECT_CONVERSION = YES_AGGRESSIVE;
				CLANG_CXX_LANGUAGE_STANDARD = "gnu++14";
				CLANG_CXX_LIBRARY = "libc++";
				CLANG_ENABLE_MODULES = YES;
				CLANG_ENABLE_OBJC_ARC = YES;
				CLANG_ENABLE_OBJC_WEAK = YES;
				CLANG_WARN_BLOCK_CAPTURE_AUTORELEASING = YES;
				CLANG_WARN_BOOL_CONVERSION = YES;
				CLANG_WARN_COMMA = YES;
				CLANG_WARN_CONSTANT_CONVERSION = YES;
				CLANG_WARN_DEPRECATED_OBJC_IMPLEMENTATIONS = YES;
				CLANG_WARN_DIRECT_OBJC_ISA_USAGE = YES_ERROR;
				CLANG_WARN_DOCUMENTATION_COMMENTS = YES;
				CLANG_WARN_EMPTY_BODY = YES;
				CLANG_WARN_ENUM_CONVERSION = YES;
				CLANG_WARN_INFINITE_RECURSION = YES;
				CLANG_WARN_INT_CONVERSION = YES;
				CLANG_WARN_NON_LITERAL_NULL_CONVERSION = YES;
				CLANG_WARN_OBJC_IMPLICIT_RETAIN_SELF = YES;
				CLANG_WARN_OBJC_LITERAL_CONVERSION = YES;
				CLANG_WARN_OBJC_ROOT_CLASS = YES_ERROR;
				CLANG_WARN_RANGE_LOOP_ANALYSIS = YES;
				CLANG_WARN_STRICT_PROTOTYPES = YES;
				CLANG_WARN_SUSPICIOUS_MOVE = YES;
				CLANG_WARN_UNGUARDED_AVAILABILITY = YES_AGGRESSIVE;
				CLANG_WARN_UNREACHABLE_CODE = YES;
				CLANG_WARN__DUPLICATE_METHOD_MATCH = YES;
				CODE_SIGN_IDENTITY = "iPhone Developer";
				COPY_PHASE_STRIP = NO;
				DEBUG_INFORMATION_FORMAT = "dwarf-with-dsym";
				ENABLE_NS_ASSERTIONS = NO;
				ENABLE_STRICT_OBJC_MSGSEND = YES;
				GCC_C_LANGUAGE_STANDARD = gnu11;
				GCC_NO_COMMON_BLOCKS = YES;
				GCC_WARN_64_TO_32_BIT_CONVERSION = YES;
				GCC_WARN_ABOUT_RETURN_TYPE = YES_ERROR;
				GCC_WARN_UNDECLARED_SELECTOR = YES;
				GCC_WARN_UNINITIALIZED_AUTOS = YES_AGGRESSIVE;
				GCC_WARN_UNUSED_FUNCTION = YES;
				GCC_WARN_UNUSED_VARIABLE = YES;
				IPHONEOS_DEPLOYMENT_TARGET = 12.0;
				MTL_ENABLE_DEBUG_INFO = NO;
				MTL_FAST_MATH = YES;
				SDKROOT = iphoneos;
				SWIFT_COMPILATION_MODE = wholemodule;
				SWIFT_OPTIMIZATION_LEVEL = "-O";
				VALIDATE_PRODUCT = YES;
			};
			name = Release;
		};
		1B7F6FF121742CAB00018CD3 /* Debug */ = {
			isa = XCBuildConfiguration;
			baseConfigurationReference = 5822F9C6A72AC1D0A3126165 /* Pods-limitied instagram.debug.xcconfig */;
			buildSettings = {
				ASSETCATALOG_COMPILER_APPICON_NAME = AppIcon;
				CODE_SIGN_IDENTITY = "Don't Code Sign";
				CODE_SIGN_STYLE = Manual;
				DEVELOPMENT_TEAM = "";
				INFOPLIST_FILE = "limitied instagram/Info.plist";
				LD_RUNPATH_SEARCH_PATHS = (
					"$(inherited)",
					"@executable_path/Frameworks",
				);
				PRODUCT_BUNDLE_IDENTIFIER = "Tony.limitied-instagram";
				PRODUCT_NAME = "$(TARGET_NAME)";
				PROVISIONING_PROFILE_SPECIFIER = "";
				SWIFT_VERSION = 4.2;
				TARGETED_DEVICE_FAMILY = "1,2";
			};
			name = Debug;
		};
		1B7F6FF221742CAB00018CD3 /* Release */ = {
			isa = XCBuildConfiguration;
			baseConfigurationReference = D1A3222FC519B8E916BE0183 /* Pods-limitied instagram.release.xcconfig */;
			buildSettings = {
				ASSETCATALOG_COMPILER_APPICON_NAME = AppIcon;
				CODE_SIGN_IDENTITY = "Don't Code Sign";
				CODE_SIGN_STYLE = Manual;
				DEVELOPMENT_TEAM = "";
				INFOPLIST_FILE = "limitied instagram/Info.plist";
				LD_RUNPATH_SEARCH_PATHS = (
					"$(inherited)",
					"@executable_path/Frameworks",
				);
				PRODUCT_BUNDLE_IDENTIFIER = "Tony.limitied-instagram";
				PRODUCT_NAME = "$(TARGET_NAME)";
				PROVISIONING_PROFILE_SPECIFIER = "";
				SWIFT_VERSION = 4.2;
				TARGETED_DEVICE_FAMILY = "1,2";
			};
			name = Release;
		};
		1B7F6FF421742CAB00018CD3 /* Debug */ = {
			isa = XCBuildConfiguration;
			baseConfigurationReference = 48E111109A515CBD50F0B2D9 /* Pods-limitied instagramTests.debug.xcconfig */;
			buildSettings = {
				ALWAYS_EMBED_SWIFT_STANDARD_LIBRARIES = YES;
				BUNDLE_LOADER = "$(TEST_HOST)";
				CODE_SIGN_STYLE = Automatic;
				DEVELOPMENT_TEAM = A8CYX354VR;
				INFOPLIST_FILE = "limitied instagramTests/Info.plist";
				LD_RUNPATH_SEARCH_PATHS = (
					"$(inherited)",
					"@executable_path/Frameworks",
					"@loader_path/Frameworks",
				);
				PRODUCT_BUNDLE_IDENTIFIER = "Tony.limitied-instagramTests";
				PRODUCT_NAME = "$(TARGET_NAME)";
				SWIFT_VERSION = 4.2;
				TARGETED_DEVICE_FAMILY = "1,2";
				TEST_HOST = "$(BUILT_PRODUCTS_DIR)/limitied instagram.app/limitied instagram";
			};
			name = Debug;
		};
		1B7F6FF521742CAB00018CD3 /* Release */ = {
			isa = XCBuildConfiguration;
			baseConfigurationReference = 61B1647D861D5E03018BC7B1 /* Pods-limitied instagramTests.release.xcconfig */;
			buildSettings = {
				ALWAYS_EMBED_SWIFT_STANDARD_LIBRARIES = YES;
				BUNDLE_LOADER = "$(TEST_HOST)";
				CODE_SIGN_STYLE = Automatic;
				DEVELOPMENT_TEAM = A8CYX354VR;
				INFOPLIST_FILE = "limitied instagramTests/Info.plist";
				LD_RUNPATH_SEARCH_PATHS = (
					"$(inherited)",
					"@executable_path/Frameworks",
					"@loader_path/Frameworks",
				);
				PRODUCT_BUNDLE_IDENTIFIER = "Tony.limitied-instagramTests";
				PRODUCT_NAME = "$(TARGET_NAME)";
				SWIFT_VERSION = 4.2;
				TARGETED_DEVICE_FAMILY = "1,2";
				TEST_HOST = "$(BUILT_PRODUCTS_DIR)/limitied instagram.app/limitied instagram";
			};
			name = Release;
		};
		1B7F6FF721742CAB00018CD3 /* Debug */ = {
			isa = XCBuildConfiguration;
			baseConfigurationReference = 5E8758266B13072600416090 /* Pods-limitied instagramUITests.debug.xcconfig */;
			buildSettings = {
				ALWAYS_EMBED_SWIFT_STANDARD_LIBRARIES = YES;
				CODE_SIGN_STYLE = Automatic;
				DEVELOPMENT_TEAM = A8CYX354VR;
				INFOPLIST_FILE = "limitied instagramUITests/Info.plist";
				LD_RUNPATH_SEARCH_PATHS = (
					"$(inherited)",
					"@executable_path/Frameworks",
					"@loader_path/Frameworks",
				);
				PRODUCT_BUNDLE_IDENTIFIER = "Tony.limitied-instagramUITests";
				PRODUCT_NAME = "$(TARGET_NAME)";
				SWIFT_VERSION = 4.2;
				TARGETED_DEVICE_FAMILY = "1,2";
				TEST_TARGET_NAME = "limitied instagram";
			};
			name = Debug;
		};
		1B7F6FF821742CAB00018CD3 /* Release */ = {
			isa = XCBuildConfiguration;
			baseConfigurationReference = 1C27B4A8B82F11C6E012EF4B /* Pods-limitied instagramUITests.release.xcconfig */;
			buildSettings = {
				ALWAYS_EMBED_SWIFT_STANDARD_LIBRARIES = YES;
				CODE_SIGN_STYLE = Automatic;
				DEVELOPMENT_TEAM = A8CYX354VR;
				INFOPLIST_FILE = "limitied instagramUITests/Info.plist";
				LD_RUNPATH_SEARCH_PATHS = (
					"$(inherited)",
					"@executable_path/Frameworks",
					"@loader_path/Frameworks",
				);
				PRODUCT_BUNDLE_IDENTIFIER = "Tony.limitied-instagramUITests";
				PRODUCT_NAME = "$(TARGET_NAME)";
				SWIFT_VERSION = 4.2;
				TARGETED_DEVICE_FAMILY = "1,2";
				TEST_TARGET_NAME = "limitied instagram";
			};
			name = Release;
		};
/* End XCBuildConfiguration section */

/* Begin XCConfigurationList section */
		1B7F6FC321742CAA00018CD3 /* Build configuration list for PBXProject "limitied instagram" */ = {
			isa = XCConfigurationList;
			buildConfigurations = (
				1B7F6FEE21742CAB00018CD3 /* Debug */,
				1B7F6FEF21742CAB00018CD3 /* Release */,
			);
			defaultConfigurationIsVisible = 0;
			defaultConfigurationName = Release;
		};
		1B7F6FF021742CAB00018CD3 /* Build configuration list for PBXNativeTarget "limitied instagram" */ = {
			isa = XCConfigurationList;
			buildConfigurations = (
				1B7F6FF121742CAB00018CD3 /* Debug */,
				1B7F6FF221742CAB00018CD3 /* Release */,
			);
			defaultConfigurationIsVisible = 0;
			defaultConfigurationName = Release;
		};
		1B7F6FF321742CAB00018CD3 /* Build configuration list for PBXNativeTarget "limitied instagramTests" */ = {
			isa = XCConfigurationList;
			buildConfigurations = (
				1B7F6FF421742CAB00018CD3 /* Debug */,
				1B7F6FF521742CAB00018CD3 /* Release */,
			);
			defaultConfigurationIsVisible = 0;
			defaultConfigurationName = Release;
		};
		1B7F6FF621742CAB00018CD3 /* Build configuration list for PBXNativeTarget "limitied instagramUITests" */ = {
			isa = XCConfigurationList;
			buildConfigurations = (
				1B7F6FF721742CAB00018CD3 /* Debug */,
				1B7F6FF821742CAB00018CD3 /* Release */,
			);
			defaultConfigurationIsVisible = 0;
			defaultConfigurationName = Release;
		};
/* End XCConfigurationList section */
	};
	rootObject = 1B7F6FC021742CAA00018CD3 /* Project object */;
}
